<?xml version="1.0" encoding="utf-8"?>
<Project ToolsVersion="4.0" xmlns="http://schemas.microsoft.com/developer/msbuild/2003">
  <ItemGroup>
    <Filter Include="variant">
      <UniqueIdentifier>{da4766b2-4394-4473-8a61-eb9336e3d2e7}</UniqueIdentifier>
    </Filter>
  </ItemGroup>
  <ItemGroup>
    <ClInclude Include="..\include\variant\variant.hpp">
      <Filter>variant</Filter>
    </ClInclude>
    <ClInclude Include="..\include\variant\defines.hpp">
      <Filter>variant</Filter>
    </ClInclude>
  </ItemGroup>
  <ItemGroup>
    <ClCompile Include="..\src\variant\variant.cpp">
      <Filter>variant</Filter>
    </ClCompile>
  </ItemGroup>
  <ItemGroup>
    <None Include="_Deploy.vcxproj" />
  </ItemGroup>
</Project>