
Microsoft Visual Studio Solution File, Format Version 12.00
# Visual Studio 2013
VisualStudioVersion = 12.0.40629.0
MinimumVisualStudioVersion = 10.0.40219.1
Project("{8BC9CEB8-8B4A-11D0-8D11-00A0C91BC942}") = "variant", "variant.vcxproj", "{7BD976FB-A78C-491F-9023-9CED59AAD5E9}"
EndProject
Project("{8BC9CEB8-8B4A-11D0-8D11-00A0C91BC942}") = "variant_static_lib", "variant_static_lib.vcxproj", "{5E2105C9-D9D0-47FB-92A8-FC4B39637335}"
EndProject
Project("{8BC9CEB8-8B4A-11D0-8D11-00A0C91BC942}") = "_Deploy", "_Deploy.vcxproj", "{ABBEFD11-2ECF-4108-BAB9-6B27A0538D88}"
	ProjectSection(ProjectDependencies) = postProject
		{5E2105C9-D9D0-47FB-92A8-FC4B39637335} = {5E2105C9-D9D0-47FB-92A8-FC4B39637335}
		{7BD976FB-A78C-491F-9023-9CED59AAD5E9} = {7BD976FB-A78C-491F-9023-9CED59AAD5E9}
	EndProjectSection
EndProject
Project("{2150E333-8FDC-42A3-9474-1A3956D46DE8}") = "sample", "sample", "{F89672D4-13A9-453D-866F-09671A485A47}"
EndProject
Project("{8BC9CEB8-8B4A-11D0-8D11-00A0C91BC942}") = "simple", "simple\simple.vcxproj", "{DFDA1D9D-85E6-40DD-A20D-D729BEF42D9D}"
EndProject
Global
	GlobalSection(SolutionConfigurationPlatforms) = preSolution
		Debug|Win32 = Debug|Win32
		Debug|x64 = Debug|x64
		Release|Win32 = Release|Win32
		Release|x64 = Release|x64
	EndGlobalSection
	GlobalSection(ProjectConfigurationPlatforms) = postSolution
		{7BD976FB-A78C-491F-9023-9CED59AAD5E9}.Debug|Win32.ActiveCfg = Debug|Win32
		{7BD976FB-A78C-491F-9023-9CED59AAD5E9}.Debug|Win32.Build.0 = Debug|Win32
		{7BD976FB-A78C-491F-9023-9CED59AAD5E9}.Debug|x64.ActiveCfg = Debug|x64
		{7BD976FB-A78C-491F-9023-9CED59AAD5E9}.Debug|x64.Build.0 = Debug|x64
		{7BD976FB-A78C-491F-9023-9CED59AAD5E9}.Release|Win32.ActiveCfg = Release|Win32
		{7BD976FB-A78C-491F-9023-9CED59AAD5E9}.Release|Win32.Build.0 = Release|Win32
		{7BD976FB-A78C-491F-9023-9CED59AAD5E9}.Release|x64.ActiveCfg = Release|x64
		{7BD976FB-A78C-491F-9023-9CED59AAD5E9}.Release|x64.Build.0 = Release|x64
		{5E2105C9-D9D0-47FB-92A8-FC4B39637335}.Debug|Win32.ActiveCfg = Debug|Win32
		{5E2105C9-D9D0-47FB-92A8-FC4B39637335}.Debug|Win32.Build.0 = Debug|Win32
		{5E2105C9-D9D0-47FB-92A8-FC4B39637335}.Debug|x64.ActiveCfg = Debug|x64
		{5E2105C9-D9D0-47FB-92A8-FC4B39637335}.Debug|x64.Build.0 = Debug|x64
		{5E2105C9-D9D0-47FB-92A8-FC4B39637335}.Release|Win32.ActiveCfg = Release|Win32
		{5E2105C9-D9D0-47FB-92A8-FC4B39637335}.Release|Win32.Build.0 = Release|Win32
		{5E2105C9-D9D0-47FB-92A8-FC4B39637335}.Release|x64.ActiveCfg = Release|x64
		{5E2105C9-D9D0-47FB-92A8-FC4B39637335}.Release|x64.Build.0 = Release|x64
		{ABBEFD11-2ECF-4108-BAB9-6B27A0538D88}.Debug|Win32.ActiveCfg = Debug|Win32
		{ABBEFD11-2ECF-4108-BAB9-6B27A0538D88}.Debug|Win32.Build.0 = Debug|Win32
		{ABBEFD11-2ECF-4108-BAB9-6B27A0538D88}.Debug|x64.ActiveCfg = Debug|x64
		{ABBEFD11-2ECF-4108-BAB9-6B27A0538D88}.Debug|x64.Build.0 = Debug|x64
		{ABBEFD11-2ECF-4108-BAB9-6B27A0538D88}.Release|Win32.ActiveCfg = Release|Win32
		{ABBEFD11-2ECF-4108-BAB9-6B27A0538D88}.Release|Win32.Build.0 = Release|Win32
		{ABBEFD11-2ECF-4108-BAB9-6B27A0538D88}.Release|x64.ActiveCfg = Release|x64
		{ABBEFD11-2ECF-4108-BAB9-6B27A0538D88}.Release|x64.Build.0 = Release|x64
		{DFDA1D9D-85E6-40DD-A20D-D729BEF42D9D}.Debug|Win32.ActiveCfg = Debug|Win32
		{DFDA1D9D-85E6-40DD-A20D-D729BEF42D9D}.Debug|Win32.Build.0 = Debug|Win32
		{DFDA1D9D-85E6-40DD-A20D-D729BEF42D9D}.Debug|x64.ActiveCfg = Debug|x64
		{DFDA1D9D-85E6-40DD-A20D-D729BEF42D9D}.Release|Win32.ActiveCfg = Release|Win32
		{DFDA1D9D-85E6-40DD-A20D-D729BEF42D9D}.Release|Win32.Build.0 = Release|Win32
		{DFDA1D9D-85E6-40DD-A20D-D729BEF42D9D}.Release|x64.ActiveCfg = Release|x64
	EndGlobalSection
	GlobalSection(SolutionProperties) = preSolution
		HideSolutionNode = FALSE
	EndGlobalSection
	GlobalSection(NestedProjects) = preSolution
		{DFDA1D9D-85E6-40DD-A20D-D729BEF42D9D} = {F89672D4-13A9-453D-866F-09671A485A47}
	EndGlobalSection
EndGlobal
